// !$*UTF8*$!
{
	archiveVersion = 1;
	classes = {
	};
	objectVersion = 50;
	objects = {

/* Begin PBXBuildFile section */
		AD1AA374216F7AD40056C7DB /* CustomLayoutFullTileSize.m in Sources */ = {isa = PBXBuildFile; fileRef = AD1AA373216F7AD40056C7DB /* CustomLayoutFullTileSize.m */; };
		AD1CD0A9216DED5800960B74 /* CustomVerticalLayout.m in Sources */ = {isa = PBXBuildFile; fileRef = AD1CD0A7216DED5800960B74 /* CustomVerticalLayout.m */; };
		AD29E6892174DD9A000759E4 /* UICustomCell.m in Sources */ = {isa = PBXBuildFile; fileRef = AD29E6872174DD99000759E4 /* UICustomCell.m */; };
		ADDA509D21007A99006E51C2 /* AppDelegate.m in Sources */ = {isa = PBXBuildFile; fileRef = ADDA509C21007A99006E51C2 /* AppDelegate.m */; };
		ADDA50A021007A99006E51C2 /* ViewController.m in Sources */ = {isa = PBXBuildFile; fileRef = ADDA509F21007A99006E51C2 /* ViewController.m */; };
		ADDA50A521007A9A006E51C2 /* Assets.xcassets in Resources */ = {isa = PBXBuildFile; fileRef = ADDA50A421007A9A006E51C2 /* Assets.xcassets */; };
		ADDA50AB21007A9A006E51C2 /* main.m in Sources */ = {isa = PBXBuildFile; fileRef = ADDA50AA21007A9A006E51C2 /* main.m */; };
		ADDA50B521007C91006E51C2 /* Main.storyboard in Resources */ = {isa = PBXBuildFile; fileRef = ADDA50B121007C91006E51C2 /* Main.storyboard */; };
		ADDA50B621007C91006E51C2 /* LaunchScreen.storyboard in Resources */ = {isa = PBXBuildFile; fileRef = ADDA50B321007C91006E51C2 /* LaunchScreen.storyboard */; };
		ADDA50BA21008B7F006E51C2 /* CustomLayout.m in Sources */ = {isa = PBXBuildFile; fileRef = ADDA50B921008B7F006E51C2 /* CustomLayout.m */; };
		ADF31E7521709BAF007054CB /* UITileLayout.m in Sources */ = {isa = PBXBuildFile; fileRef = ADF31E7421709BAF007054CB /* UITileLayout.m */; };
/* End PBXBuildFile section */

/* Begin PBXFileReference section */
		AD1AA372216F7AD40056C7DB /* CustomLayoutFullTileSize.h */ = {isa = PBXFileReference; fileEncoding = 4; lastKnownFileType = sourcecode.c.h; path = CustomLayoutFullTileSize.h; sourceTree = "<group>"; };
		AD1AA373216F7AD40056C7DB /* CustomLayoutFullTileSize.m */ = {isa = PBXFileReference; fileEncoding = 4; lastKnownFileType = sourcecode.c.objc; path = CustomLayoutFullTileSize.m; sourceTree = "<group>"; };
		AD1CD0A7216DED5800960B74 /* CustomVerticalLayout.m */ = {isa = PBXFileReference; fileEncoding = 4; lastKnownFileType = sourcecode.c.objc; path = CustomVerticalLayout.m; sourceTree = "<group>"; };
		AD1CD0A8216DED5800960B74 /* CustomVerticalLayout.h */ = {isa = PBXFileReference; fileEncoding = 4; lastKnownFileType = sourcecode.c.h; path = CustomVerticalLayout.h; sourceTree = "<group>"; };
		AD29E6872174DD99000759E4 /* UICustomCell.m */ = {isa = PBXFileReference; fileEncoding = 4; lastKnownFileType = sourcecode.c.objc; path = UICustomCell.m; sourceTree = "<group>"; };
		AD29E6882174DD9A000759E4 /* UICustomCell.h */ = {isa = PBXFileReference; fileEncoding = 4; lastKnownFileType = sourcecode.c.h; path = UICustomCell.h; sourceTree = "<group>"; };
		ADDA509821007A99006E51C2 /* tilesstarter.app */ = {isa = PBXFileReference; explicitFileType = wrapper.application; includeInIndex = 0; path = tilesstarter.app; sourceTree = BUILT_PRODUCTS_DIR; };
		ADDA509B21007A99006E51C2 /* AppDelegate.h */ = {isa = PBXFileReference; lastKnownFileType = sourcecode.c.h; path = AppDelegate.h; sourceTree = "<group>"; };
		ADDA509C21007A99006E51C2 /* AppDelegate.m */ = {isa = PBXFileReference; lastKnownFileType = sourcecode.c.objc; path = AppDelegate.m; sourceTree = "<group>"; };
		ADDA509E21007A99006E51C2 /* ViewController.h */ = {isa = PBXFileReference; lastKnownFileType = sourcecode.c.h; path = ViewController.h; sourceTree = "<group>"; };
		ADDA509F21007A99006E51C2 /* ViewController.m */ = {isa = PBXFileReference; lastKnownFileType = sourcecode.c.objc; path = ViewController.m; sourceTree = "<group>"; };
		ADDA50A421007A9A006E51C2 /* Assets.xcassets */ = {isa = PBXFileReference; lastKnownFileType = folder.assetcatalog; path = Assets.xcassets; sourceTree = "<group>"; };
		ADDA50A921007A9A006E51C2 /* Info.plist */ = {isa = PBXFileReference; lastKnownFileType = text.plist.xml; path = Info.plist; sourceTree = "<group>"; };
		ADDA50AA21007A9A006E51C2 /* main.m */ = {isa = PBXFileReference; lastKnownFileType = sourcecode.c.objc; path = main.m; sourceTree = "<group>"; };
		ADDA50B221007C91006E51C2 /* Base */ = {isa = PBXFileReference; lastKnownFileType = file.storyboard; name = Base; path = Base.lproj/Main.storyboard; sourceTree = "<group>"; };
		ADDA50B421007C91006E51C2 /* Base */ = {isa = PBXFileReference; lastKnownFileType = file.storyboard; name = Base; path = Base.lproj/LaunchScreen.storyboard; sourceTree = "<group>"; };
		ADDA50B821008B7F006E51C2 /* CustomLayout.h */ = {isa = PBXFileReference; lastKnownFileType = sourcecode.c.h; path = CustomLayout.h; sourceTree = "<group>"; };
		ADDA50B921008B7F006E51C2 /* CustomLayout.m */ = {isa = PBXFileReference; lastKnownFileType = sourcecode.c.objc; path = CustomLayout.m; sourceTree = "<group>"; };
		ADF31E7321709BAF007054CB /* UITileLayout.h */ = {isa = PBXFileReference; lastKnownFileType = sourcecode.c.h; path = UITileLayout.h; sourceTree = "<group>"; };
		ADF31E7421709BAF007054CB /* UITileLayout.m */ = {isa = PBXFileReference; lastKnownFileType = sourcecode.c.objc; path = UITileLayout.m; sourceTree = "<group>"; };
/* End PBXFileReference section */

/* Begin PBXFrameworksBuildPhase section */
		ADDA509521007A99006E51C2 /* Frameworks */ = {
			isa = PBXFrameworksBuildPhase;
			buildActionMask = 2147483647;
			files = (
			);
			runOnlyForDeploymentPostprocessing = 0;
		};
/* End PBXFrameworksBuildPhase section */

/* Begin PBXGroup section */
		ADDA508F21007A99006E51C2 = {
			isa = PBXGroup;
			children = (
				ADDA509A21007A99006E51C2 /* tilesstarter */,
				ADDA509921007A99006E51C2 /* Products */,
			);
			sourceTree = "<group>";
		};
		ADDA509921007A99006E51C2 /* Products */ = {
			isa = PBXGroup;
			children = (
				ADDA509821007A99006E51C2 /* tilesstarter.app */,
			);
			name = Products;
			sourceTree = "<group>";
		};
		ADDA509A21007A99006E51C2 /* tilesstarter */ = {
			isa = PBXGroup;
			children = (
				ADDA50B321007C91006E51C2 /* LaunchScreen.storyboard */,
				ADDA50B121007C91006E51C2 /* Main.storyboard */,
				ADDA509B21007A99006E51C2 /* AppDelegate.h */,
				ADDA509C21007A99006E51C2 /* AppDelegate.m */,
				ADDA509E21007A99006E51C2 /* ViewController.h */,
				ADDA509F21007A99006E51C2 /* ViewController.m */,
				AD29E6882174DD9A000759E4 /* UICustomCell.h */,
				AD29E6872174DD99000759E4 /* UICustomCell.m */,
				ADF31E7221709B71007054CB /* layouts */,
				ADDA50A421007A9A006E51C2 /* Assets.xcassets */,
				ADDA50A921007A9A006E51C2 /* Info.plist */,
				ADDA50AA21007A9A006E51C2 /* main.m */,
			);
			path = tilesstarter;
			sourceTree = "<group>";
		};
		ADF31E7221709B71007054CB /* layouts */ = {
			isa = PBXGroup;
			children = (
				ADDA50B821008B7F006E51C2 /* CustomLayout.h */,
				ADDA50B921008B7F006E51C2 /* CustomLayout.m */,
				AD1CD0A8216DED5800960B74 /* CustomVerticalLayout.h */,
				AD1CD0A7216DED5800960B74 /* CustomVerticalLayout.m */,
				AD1AA372216F7AD40056C7DB /* CustomLayoutFullTileSize.h */,
				AD1AA373216F7AD40056C7DB /* CustomLayoutFullTileSize.m */,
				ADF31E7321709BAF007054CB /* UITileLayout.h */,
				ADF31E7421709BAF007054CB /* UITileLayout.m */,
			);
			path = layouts;
			sourceTree = "<group>";
		};
/* End PBXGroup section */

/* Begin PBXNativeTarget section */
		ADDA509721007A99006E51C2 /* tilesstarter */ = {
			isa = PBXNativeTarget;
			buildConfigurationList = ADDA50AE21007A9A006E51C2 /* Build configuration list for PBXNativeTarget "tilesstarter" */;
			buildPhases = (
				ADDA509421007A99006E51C2 /* Sources */,
				ADDA509521007A99006E51C2 /* Frameworks */,
				ADDA509621007A99006E51C2 /* Resources */,
			);
			buildRules = (
			);
			dependencies = (
			);
			name = tilesstarter;
			productName = tilesstarter;
			productReference = ADDA509821007A99006E51C2 /* tilesstarter.app */;
			productType = "com.apple.product-type.application";
		};
/* End PBXNativeTarget section */

/* Begin PBXProject section */
		ADDA509021007A99006E51C2 /* Project object */ = {
			isa = PBXProject;
			attributes = {
				LastUpgradeCheck = 0930;
				ORGANIZATIONNAME = H231412;
				TargetAttributes = {
					ADDA509721007A99006E51C2 = {
						CreatedOnToolsVersion = 9.3;
					};
				};
			};
			buildConfigurationList = ADDA509321007A99006E51C2 /* Build configuration list for PBXProject "tilesstarter" */;
			compatibilityVersion = "Xcode 9.3";
			developmentRegion = en;
			hasScannedForEncodings = 0;
			knownRegions = (
				en,
				Base,
			);
			mainGroup = ADDA508F21007A99006E51C2;
			productRefGroup = ADDA509921007A99006E51C2 /* Products */;
			projectDirPath = "";
			projectRoot = "";
			targets = (
				ADDA509721007A99006E51C2 /* tilesstarter */,
			);
		};
/* End PBXProject section */

/* Begin PBXResourcesBuildPhase section */
		ADDA509621007A99006E51C2 /* Resources */ = {
			isa = PBXResourcesBuildPhase;
			buildActionMask = 2147483647;
			files = (
				ADDA50B621007C91006E51C2 /* LaunchScreen.storyboard in Resources */,
				ADDA50A521007A9A006E51C2 /* Assets.xcassets in Resources */,
				ADDA50B521007C91006E51C2 /* Main.storyboard in Resources */,
			);
			runOnlyForDeploymentPostprocessing = 0;
		};
/* End PBXResourcesBuildPhase section */

/* Begin PBXSourcesBuildPhase section */
		ADDA509421007A99006E51C2 /* Sources */ = {
			isa = PBXSourcesBuildPhase;
			buildActionMask = 2147483647;
			files = (
				AD1AA374216F7AD40056C7DB /* CustomLayoutFullTileSize.m in Sources */,
				ADDA50A021007A99006E51C2 /* ViewController.m in Sources */,
				AD29E6892174DD9A000759E4 /* UICustomCell.m in Sources */,
				ADF31E7521709BAF007054CB /* UITileLayout.m in Sources */,
				ADDA50AB21007A9A006E51C2 /* main.m in Sources */,
				ADDA50BA21008B7F006E51C2 /* CustomLayout.m in Sources */,
				ADDA509D21007A99006E51C2 /* AppDelegate.m in Sources */,
				AD1CD0A9216DED5800960B74 /* CustomVerticalLayout.m in Sources */,
			);
			runOnlyForDeploymentPostprocessing = 0;
		};
/* End PBXSourcesBuildPhase section */

/* Begin PBXVariantGroup section */
		ADDA50B121007C91006E51C2 /* Main.storyboard */ = {
			isa = PBXVariantGroup;
			children = (
				ADDA50B221007C91006E51C2 /* Base */,
			);
			name = Main.storyboard;
			sourceTree = "<group>";
		};
		ADDA50B321007C91006E51C2 /* LaunchScreen.storyboard */ = {
			isa = PBXVariantGroup;
			children = (
				ADDA50B421007C91006E51C2 /* Base */,
			);
			name = LaunchScreen.storyboard;
			sourceTree = "<group>";
		};
/* End PBXVariantGroup section */

/* Begin XCBuildConfiguration section */
		ADDA50AC21007A9A006E51C2 /* Debug */ = {
			isa = XCBuildConfiguration;
			buildSettings = {
				ALWAYS_SEARCH_USER_PATHS = NO;
				CLANG_ANALYZER_NONNULL = YES;
				CLANG_ANALYZER_NUMBER_OBJECT_CONVERSION = YES_AGGRESSIVE;
				CLANG_CXX_LANGUAGE_STANDARD = "gnu++14";
				CLANG_CXX_LIBRARY = "libc++";
				CLANG_ENABLE_MODULES = YES;
				CLANG_ENABLE_OBJC_ARC = YES;
				CLANG_ENABLE_OBJC_WEAK = YES;
				CLANG_WARN_BLOCK_CAPTURE_AUTORELEASING = YES;
				CLANG_WARN_BOOL_CONVERSION = YES;
				CLANG_WARN_COMMA = YES;
				CLANG_WARN_CONSTANT_CONVERSION = YES;
				CLANG_WARN_DEPRECATED_OBJC_IMPLEMENTATIONS = YES;
				CLANG_WARN_DIRECT_OBJC_ISA_USAGE = YES_ERROR;
				CLANG_WARN_DOCUMENTATION_COMMENTS = YES;
				CLANG_WARN_EMPTY_BODY = YES;
				CLANG_WARN_ENUM_CONVERSION = YES;
				CLANG_WARN_INFINITE_RECURSION = YES;
				CLANG_WARN_INT_CONVERSION = YES;
				CLANG_WARN_NON_LITERAL_NULL_CONVERSION = YES;
				CLANG_WARN_OBJC_IMPLICIT_RETAIN_SELF = YES;
				CLANG_WARN_OBJC_LITERAL_CONVERSION = YES;
				CLANG_WARN_OBJC_ROOT_CLASS = YES_ERROR;
				CLANG_WARN_RANGE_LOOP_ANALYSIS = YES;
				CLANG_WARN_STRICT_PROTOTYPES = YES;
				CLANG_WARN_SUSPICIOUS_MOVE = YES;
				CLANG_WARN_UNGUARDED_AVAILABILITY = YES_AGGRESSIVE;
				CLANG_WARN_UNREACHABLE_CODE = YES;
				CLANG_WARN__DUPLICATE_METHOD_MATCH = YES;
				CODE_SIGN_IDENTITY = "iPhone Developer";
				COPY_PHASE_STRIP = NO;
				DEBUG_INFORMATION_FORMAT = dwarf;
				ENABLE_STRICT_OBJC_MSGSEND = YES;
				ENABLE_TESTABILITY = YES;
				GCC_C_LANGUAGE_STANDARD = gnu11;
				GCC_DYNAMIC_NO_PIC = NO;
				GCC_NO_COMMON_BLOCKS = YES;
				GCC_OPTIMIZATION_LEVEL = 0;
				GCC_PREPROCESSOR_DEFINITIONS = (
					"DEBUG=1",
					"$(inherited)",
				);
				GCC_WARN_64_TO_32_BIT_CONVERSION = YES;
				GCC_WARN_ABOUT_RETURN_TYPE = YES_ERROR;
				GCC_WARN_UNDECLARED_SELECTOR = YES;
				GCC_WARN_UNINITIALIZED_AUTOS = YES_AGGRESSIVE;
				GCC_WARN_UNUSED_FUNCTION = YES;
				GCC_WARN_UNUSED_VARIABLE = YES;
				IPHONEOS_DEPLOYMENT_TARGET = 11.3;
				MTL_ENABLE_DEBUG_INFO = YES;
				ONLY_ACTIVE_ARCH = YES;
				SDKROOT = iphoneos;
			};
			name = Debug;
		};
		ADDA50AD21007A9A006E51C2 /* Release */ = {
			isa = XCBuildConfiguration;
			buildSettings = {
				ALWAYS_SEARCH_USER_PATHS = NO;
				CLANG_ANALYZER_NONNULL = YES;
				CLANG_ANALYZER_NUMBER_OBJECT_CONVERSION = YES_AGGRESSIVE;
				CLANG_CXX_LANGUAGE_STANDARD = "gnu++14";
				CLANG_CXX_LIBRARY = "libc++";
				CLANG_ENABLE_MODULES = YES;
				CLANG_ENABLE_OBJC_ARC = YES;
				CLANG_ENABLE_OBJC_WEAK = YES;
				CLANG_WARN_BLOCK_CAPTURE_AUTORELEASING = YES;
				CLANG_WARN_BOOL_CONVERSION = YES;
				CLANG_WARN_COMMA = YES;
				CLANG_WARN_CONSTANT_CONVERSION = YES;
				CLANG_WARN_DEPRECATED_OBJC_IMPLEMENTATIONS = YES;
				CLANG_WARN_DIRECT_OBJC_ISA_USAGE = YES_ERROR;
				CLANG_WARN_DOCUMENTATION_COMMENTS = YES;
				CLANG_WARN_EMPTY_BODY = YES;
				CLANG_WARN_ENUM_CONVERSION = YES;
				CLANG_WARN_INFINITE_RECURSION = YES;
				CLANG_WARN_INT_CONVERSION = YES;
				CLANG_WARN_NON_LITERAL_NULL_CONVERSION = YES;
				CLANG_WARN_OBJC_IMPLICIT_RETAIN_SELF = YES;
				CLANG_WARN_OBJC_LITERAL_CONVERSION = YES;
				CLANG_WARN_OBJC_ROOT_CLASS = YES_ERROR;
				CLANG_WARN_RANGE_LOOP_ANALYSIS = YES;
				CLANG_WARN_STRICT_PROTOTYPES = YES;
				CLANG_WARN_SUSPICIOUS_MOVE = YES;
				CLANG_WARN_UNGUARDED_AVAILABILITY = YES_AGGRESSIVE;
				CLANG_WARN_UNREACHABLE_CODE = YES;
				CLANG_WARN__DUPLICATE_METHOD_MATCH = YES;
				CODE_SIGN_IDENTITY = "iPhone Developer";
				COPY_PHASE_STRIP = NO;
				DEBUG_INFORMATION_FORMAT = "dwarf-with-dsym";
				ENABLE_NS_ASSERTIONS = NO;
				ENABLE_STRICT_OBJC_MSGSEND = YES;
				GCC_C_LANGUAGE_STANDARD = gnu11;
				GCC_NO_COMMON_BLOCKS = YES;
				GCC_WARN_64_TO_32_BIT_CONVERSION = YES;
				GCC_WARN_ABOUT_RETURN_TYPE = YES_ERROR;
				GCC_WARN_UNDECLARED_SELECTOR = YES;
				GCC_WARN_UNINITIALIZED_AUTOS = YES_AGGRESSIVE;
				GCC_WARN_UNUSED_FUNCTION = YES;
				GCC_WARN_UNUSED_VARIABLE = YES;
				IPHONEOS_DEPLOYMENT_TARGET = 11.3;
				MTL_ENABLE_DEBUG_INFO = NO;
				SDKROOT = iphoneos;
				VALIDATE_PRODUCT = YES;
			};
			name = Release;
		};
		ADDA50AF21007A9A006E51C2 /* Debug */ = {
			isa = XCBuildConfiguration;
			buildSettings = {
				ASSETCATALOG_COMPILER_APPICON_NAME = AppIcon;
				CODE_SIGN_STYLE = Manual;
				DEVELOPMENT_TEAM = 5SEDLXEY9F;
				INFOPLIST_FILE = tilesstarter/Info.plist;
				IPHONEOS_DEPLOYMENT_TARGET = 9.0;
				LD_RUNPATH_SEARCH_PATHS = (
					"$(inherited)",
					"@executable_path/Frameworks",
				);
				PRODUCT_BUNDLE_IDENTIFIER = com.tiles.tilesstarter;
				PRODUCT_NAME = "$(TARGET_NAME)";
				PROVISIONING_PROFILE = "74577114-fde0-40e4-bc74-05fb73aa0aaf";
				PROVISIONING_PROFILE_SPECIFIER = "Movilizer InHouse Wildcard Development";
				TARGETED_DEVICE_FAMILY = "1,2";
			};
			name = Debug;
		};
		ADDA50B021007A9A006E51C2 /* Release */ = {
			isa = XCBuildConfiguration;
			buildSettings = {
				ASSETCATALOG_COMPILER_APPICON_NAME = AppIcon;
				CODE_SIGN_STYLE = Manual;
				DEVELOPMENT_TEAM = "";
				INFOPLIST_FILE = tilesstarter/Info.plist;
				IPHONEOS_DEPLOYMENT_TARGET = 9.0;
				LD_RUNPATH_SEARCH_PATHS = (
					"$(inherited)",
					"@executable_path/Frameworks",
				);
				PRODUCT_BUNDLE_IDENTIFIER = com.movilizer.tiles.tilesstarter;
				PRODUCT_NAME = "$(TARGET_NAME)";
				PROVISIONING_PROFILE_SPECIFIER = "";
				TARGETED_DEVICE_FAMILY = "1,2";
			};
			name = Release;
		};
/* End XCBuildConfiguration section */

/* Begin XCConfigurationList section */
		ADDA509321007A99006E51C2 /* Build configuration list for PBXProject "tilesstarter" */ = {
			isa = XCConfigurationList;
			buildConfigurations = (
				ADDA50AC21007A9A006E51C2 /* Debug */,
				ADDA50AD21007A9A006E51C2 /* Release */,
			);
			defaultConfigurationIsVisible = 0;
			defaultConfigurationName = Release;
		};
		ADDA50AE21007A9A006E51C2 /* Build configuration list for PBXNativeTarget "tilesstarter" */ = {
			isa = XCConfigurationList;
			buildConfigurations = (
				ADDA50AF21007A9A006E51C2 /* Debug */,
				ADDA50B021007A9A006E51C2 /* Release */,
			);
			defaultConfigurationIsVisible = 0;
			defaultConfigurationName = Release;
		};
/* End XCConfigurationList section */
	};
	rootObject = ADDA509021007A99006E51C2 /* Project object */;
}
